// !$*UTF8*$!
{
	archiveVersion = 1;
	classes = {
	};
	objectVersion = 50;
	objects = {

/* Begin PBXBuildFile section */
		EE3148DE24885BBF005FFACC /* CountriesViewCell.swift in Sources */ = {isa = PBXBuildFile; fileRef = EE3148DD24885BBF005FFACC /* CountriesViewCell.swift */; };
		EE3148E024885E4B005FFACC /* uiviews.extensions.swift in Sources */ = {isa = PBXBuildFile; fileRef = EE3148DF24885E4B005FFACC /* uiviews.extensions.swift */; };
		EE3148E224885E73005FFACC /* Statistics.swift in Sources */ = {isa = PBXBuildFile; fileRef = EE3148E124885E73005FFACC /* Statistics.swift */; };
		EE3148E424885FD5005FFACC /* SingletonClass.swift in Sources */ = {isa = PBXBuildFile; fileRef = EE3148E324885FD5005FFACC /* SingletonClass.swift */; };
		EE3148E6248860D5005FFACC /* Networking.swift in Sources */ = {isa = PBXBuildFile; fileRef = EE3148E5248860D5005FFACC /* Networking.swift */; };
		EE358F2624885754007BFA56 /* AppDelegate.swift in Sources */ = {isa = PBXBuildFile; fileRef = EE358F2524885754007BFA56 /* AppDelegate.swift */; };
		EE358F2824885754007BFA56 /* SceneDelegate.swift in Sources */ = {isa = PBXBuildFile; fileRef = EE358F2724885754007BFA56 /* SceneDelegate.swift */; };
		EE358F2A24885754007BFA56 /* MainViewController.swift in Sources */ = {isa = PBXBuildFile; fileRef = EE358F2924885754007BFA56 /* MainViewController.swift */; };
		EE358F2D24885754007BFA56 /* Main.storyboard in Resources */ = {isa = PBXBuildFile; fileRef = EE358F2B24885754007BFA56 /* Main.storyboard */; };
		EE358F2F2488575C007BFA56 /* Assets.xcassets in Resources */ = {isa = PBXBuildFile; fileRef = EE358F2E2488575C007BFA56 /* Assets.xcassets */; };
		EE358F322488575C007BFA56 /* LaunchScreen.storyboard in Resources */ = {isa = PBXBuildFile; fileRef = EE358F302488575C007BFA56 /* LaunchScreen.storyboard */; };
		EE47137C249274E800F166EF /* NetViewModel.swift in Sources */ = {isa = PBXBuildFile; fileRef = EE47137B249274E700F166EF /* NetViewModel.swift */; };
		EE946BA0248AD29E0082B7AB /* DetailsViewController.swift in Sources */ = {isa = PBXBuildFile; fileRef = EE946B9F248AD29E0082B7AB /* DetailsViewController.swift */; };
/* End PBXBuildFile section */

/* Begin PBXFileReference section */
		EE3148DD24885BBF005FFACC /* CountriesViewCell.swift */ = {isa = PBXFileReference; lastKnownFileType = sourcecode.swift; path = CountriesViewCell.swift; sourceTree = "<group>"; };
		EE3148DF24885E4B005FFACC /* uiviews.extensions.swift */ = {isa = PBXFileReference; lastKnownFileType = sourcecode.swift; path = uiviews.extensions.swift; sourceTree = "<group>"; };
		EE3148E124885E73005FFACC /* Statistics.swift */ = {isa = PBXFileReference; lastKnownFileType = sourcecode.swift; path = Statistics.swift; sourceTree = "<group>"; };
		EE3148E324885FD5005FFACC /* SingletonClass.swift */ = {isa = PBXFileReference; lastKnownFileType = sourcecode.swift; path = SingletonClass.swift; sourceTree = "<group>"; };
		EE3148E5248860D5005FFACC /* Networking.swift */ = {isa = PBXFileReference; lastKnownFileType = sourcecode.swift; path = Networking.swift; sourceTree = "<group>"; };
		EE358F2224885754007BFA56 /* covid19statisticsApp.app */ = {isa = PBXFileReference; explicitFileType = wrapper.application; includeInIndex = 0; path = covid19statisticsApp.app; sourceTree = BUILT_PRODUCTS_DIR; };
		EE358F2524885754007BFA56 /* AppDelegate.swift */ = {isa = PBXFileReference; lastKnownFileType = sourcecode.swift; path = AppDelegate.swift; sourceTree = "<group>"; };
		EE358F2724885754007BFA56 /* SceneDelegate.swift */ = {isa = PBXFileReference; lastKnownFileType = sourcecode.swift; path = SceneDelegate.swift; sourceTree = "<group>"; };
		EE358F2924885754007BFA56 /* MainViewController.swift */ = {isa = PBXFileReference; lastKnownFileType = sourcecode.swift; path = MainViewController.swift; sourceTree = "<group>"; };
		EE358F2C24885754007BFA56 /* Base */ = {isa = PBXFileReference; lastKnownFileType = file.storyboard; name = Base; path = Base.lproj/Main.storyboard; sourceTree = "<group>"; };
		EE358F2E2488575C007BFA56 /* Assets.xcassets */ = {isa = PBXFileReference; lastKnownFileType = folder.assetcatalog; path = Assets.xcassets; sourceTree = "<group>"; };
		EE358F312488575C007BFA56 /* Base */ = {isa = PBXFileReference; lastKnownFileType = file.storyboard; name = Base; path = Base.lproj/LaunchScreen.storyboard; sourceTree = "<group>"; };
		EE358F332488575C007BFA56 /* Info.plist */ = {isa = PBXFileReference; lastKnownFileType = text.plist.xml; path = Info.plist; sourceTree = "<group>"; };
		EE47137B249274E700F166EF /* NetViewModel.swift */ = {isa = PBXFileReference; lastKnownFileType = sourcecode.swift; path = NetViewModel.swift; sourceTree = "<group>"; };
		EE946B9F248AD29E0082B7AB /* DetailsViewController.swift */ = {isa = PBXFileReference; lastKnownFileType = sourcecode.swift; path = DetailsViewController.swift; sourceTree = "<group>"; };
/* End PBXFileReference section */

/* Begin PBXFrameworksBuildPhase section */
		EE358F1F24885754007BFA56 /* Frameworks */ = {
			isa = PBXFrameworksBuildPhase;
			buildActionMask = 2147483647;
			files = (
			);
			runOnlyForDeploymentPostprocessing = 0;
		};
/* End PBXFrameworksBuildPhase section */

/* Begin PBXGroup section */
		EE358F1924885754007BFA56 = {
			isa = PBXGroup;
			children = (
				EE47137A249274B700F166EF /* ViewModel */,
				EE358F3D2488578F007BFA56 /* Extensions  */,
				EE358F3C24885781007BFA56 /* Constants */,
				EE358F3B24885778007BFA56 /* Controller */,
				EE358F3A24885771007BFA56 /* View */,
				EE358F3924885766007BFA56 /* Model */,
				EE358F2424885754007BFA56 /* covid19statisticsApp */,
				EE358F2324885754007BFA56 /* Products */,
			);
			sourceTree = "<group>";
		};
		EE358F2324885754007BFA56 /* Products */ = {
			isa = PBXGroup;
			children = (
				EE358F2224885754007BFA56 /* covid19statisticsApp.app */,
			);
			name = Products;
			sourceTree = "<group>";
		};
		EE358F2424885754007BFA56 /* covid19statisticsApp */ = {
			isa = PBXGroup;
			children = (
				EE358F2524885754007BFA56 /* AppDelegate.swift */,
				EE358F2724885754007BFA56 /* SceneDelegate.swift */,
				EE358F2B24885754007BFA56 /* Main.storyboard */,
				EE358F2E2488575C007BFA56 /* Assets.xcassets */,
				EE358F302488575C007BFA56 /* LaunchScreen.storyboard */,
				EE358F332488575C007BFA56 /* Info.plist */,
			);
			path = covid19statisticsApp;
			sourceTree = "<group>";
		};
		EE358F3924885766007BFA56 /* Model */ = {
			isa = PBXGroup;
			children = (
				EE3148E124885E73005FFACC /* Statistics.swift */,
				EE3148E5248860D5005FFACC /* Networking.swift */,
			);
			path = Model;
			sourceTree = "<group>";
		};
		EE358F3A24885771007BFA56 /* View */ = {
			isa = PBXGroup;
			children = (
				EE3148DD24885BBF005FFACC /* CountriesViewCell.swift */,
			);
			path = View;
			sourceTree = "<group>";
		};
		EE358F3B24885778007BFA56 /* Controller */ = {
			isa = PBXGroup;
			children = (
				EE358F2924885754007BFA56 /* MainViewController.swift */,
				EE946B9F248AD29E0082B7AB /* DetailsViewController.swift */,
			);
			path = Controller;
			sourceTree = "<group>";
		};
		EE358F3C24885781007BFA56 /* Constants */ = {
			isa = PBXGroup;
			children = (
				EE3148E324885FD5005FFACC /* SingletonClass.swift */,
			);
			path = Constants;
			sourceTree = "<group>";
		};
		EE358F3D2488578F007BFA56 /* Extensions  */ = {
			isa = PBXGroup;
			children = (
				EE3148DF24885E4B005FFACC /* uiviews.extensions.swift */,
			);
			path = "Extensions ";
			sourceTree = "<group>";
		};
		EE47137A249274B700F166EF /* ViewModel */ = {
			isa = PBXGroup;
			children = (
				EE47137B249274E700F166EF /* NetViewModel.swift */,
			);
			path = ViewModel;
			sourceTree = "<group>";
		};
/* End PBXGroup section */

/* Begin PBXNativeTarget section */
		EE358F2124885754007BFA56 /* covid19statisticsApp */ = {
			isa = PBXNativeTarget;
			buildConfigurationList = EE358F362488575C007BFA56 /* Build configuration list for PBXNativeTarget "covid19statisticsApp" */;
			buildPhases = (
				EE358F1E24885754007BFA56 /* Sources */,
				EE358F1F24885754007BFA56 /* Frameworks */,
				EE358F2024885754007BFA56 /* Resources */,
			);
			buildRules = (
			);
			dependencies = (
			);
			name = covid19statisticsApp;
			productName = covid19statisticsApp;
			productReference = EE358F2224885754007BFA56 /* covid19statisticsApp.app */;
			productType = "com.apple.product-type.application";
		};
/* End PBXNativeTarget section */

/* Begin PBXProject section */
		EE358F1A24885754007BFA56 /* Project object */ = {
			isa = PBXProject;
			attributes = {
				LastSwiftUpdateCheck = 1150;
				LastUpgradeCheck = 1150;
				ORGANIZATIONNAME = Duale;
				TargetAttributes = {
					EE358F2124885754007BFA56 = {
						CreatedOnToolsVersion = 11.5;
					};
				};
			};
			buildConfigurationList = EE358F1D24885754007BFA56 /* Build configuration list for PBXProject "covid19statisticsApp" */;
			compatibilityVersion = "Xcode 9.3";
			developmentRegion = en;
			hasScannedForEncodings = 0;
			knownRegions = (
				en,
				Base,
			);
			mainGroup = EE358F1924885754007BFA56;
			productRefGroup = EE358F2324885754007BFA56 /* Products */;
			projectDirPath = "";
			projectRoot = "";
			targets = (
				EE358F2124885754007BFA56 /* covid19statisticsApp */,
			);
		};
/* End PBXProject section */

/* Begin PBXResourcesBuildPhase section */
		EE358F2024885754007BFA56 /* Resources */ = {
			isa = PBXResourcesBuildPhase;
			buildActionMask = 2147483647;
			files = (
				EE358F322488575C007BFA56 /* LaunchScreen.storyboard in Resources */,
				EE358F2F2488575C007BFA56 /* Assets.xcassets in Resources */,
				EE358F2D24885754007BFA56 /* Main.storyboard in Resources */,
			);
			runOnlyForDeploymentPostprocessing = 0;
		};
/* End PBXResourcesBuildPhase section */

/* Begin PBXSourcesBuildPhase section */
		EE358F1E24885754007BFA56 /* Sources */ = {
			isa = PBXSourcesBuildPhase;
			buildActionMask = 2147483647;
			files = (
				EE47137C249274E800F166EF /* NetViewModel.swift in Sources */,
				EE3148E024885E4B005FFACC /* uiviews.extensions.swift in Sources */,
				EE3148E424885FD5005FFACC /* SingletonClass.swift in Sources */,
				EE946BA0248AD29E0082B7AB /* DetailsViewController.swift in Sources */,
				EE358F2A24885754007BFA56 /* MainViewController.swift in Sources */,
				EE3148E6248860D5005FFACC /* Networking.swift in Sources */,
				EE3148DE24885BBF005FFACC /* CountriesViewCell.swift in Sources */,
				EE358F2624885754007BFA56 /* AppDelegate.swift in Sources */,
				EE3148E224885E73005FFACC /* Statistics.swift in Sources */,
				EE358F2824885754007BFA56 /* SceneDelegate.swift in Sources */,
			);
			runOnlyForDeploymentPostprocessing = 0;
		};
/* End PBXSourcesBuildPhase section */

/* Begin PBXVariantGroup section */
		EE358F2B24885754007BFA56 /* Main.storyboard */ = {
			isa = PBXVariantGroup;
			children = (
				EE358F2C24885754007BFA56 /* Base */,
			);
			name = Main.storyboard;
			sourceTree = "<group>";
		};
		EE358F302488575C007BFA56 /* LaunchScreen.storyboard */ = {
			isa = PBXVariantGroup;
			children = (
				EE358F312488575C007BFA56 /* Base */,
			);
			name = LaunchScreen.storyboard;
			sourceTree = "<group>";
		};
/* End PBXVariantGroup section */

/* Begin XCBuildConfiguration section */
		EE358F342488575C007BFA56 /* Debug */ = {
			isa = XCBuildConfiguration;
			buildSettings = {
				ALWAYS_SEARCH_USER_PATHS = NO;
				CLANG_ANALYZER_NONNULL = YES;
				CLANG_ANALYZER_NUMBER_OBJECT_CONVERSION = YES_AGGRESSIVE;
				CLANG_CXX_LANGUAGE_STANDARD = "gnu++14";
				CLANG_CXX_LIBRARY = "libc++";
				CLANG_ENABLE_MODULES = YES;
				CLANG_ENABLE_OBJC_ARC = YES;
				CLANG_ENABLE_OBJC_WEAK = YES;
				CLANG_WARN_BLOCK_CAPTURE_AUTORELEASING = YES;
				CLANG_WARN_BOOL_CONVERSION = YES;
				CLANG_WARN_COMMA = YES;
				CLANG_WARN_CONSTANT_CONVERSION = YES;
				CLANG_WARN_DEPRECATED_OBJC_IMPLEMENTATIONS = YES;
				CLANG_WARN_DIRECT_OBJC_ISA_USAGE = YES_ERROR;
				CLANG_WARN_DOCUMENTATION_COMMENTS = YES;
				CLANG_WARN_EMPTY_BODY = YES;
				CLANG_WARN_ENUM_CONVERSION = YES;
				CLANG_WARN_INFINITE_RECURSION = YES;
				CLANG_WARN_INT_CONVERSION = YES;
				CLANG_WARN_NON_LITERAL_NULL_CONVERSION = YES;
				CLANG_WARN_OBJC_IMPLICIT_RETAIN_SELF = YES;
				CLANG_WARN_OBJC_LITERAL_CONVERSION = YES;
				CLANG_WARN_OBJC_ROOT_CLASS = YES_ERROR;
				CLANG_WARN_RANGE_LOOP_ANALYSIS = YES;
				CLANG_WARN_STRICT_PROTOTYPES = YES;
				CLANG_WARN_SUSPICIOUS_MOVE = YES;
				CLANG_WARN_UNGUARDED_AVAILABILITY = YES_AGGRESSIVE;
				CLANG_WARN_UNREACHABLE_CODE = YES;
				CLANG_WARN__DUPLICATE_METHOD_MATCH = YES;
				COPY_PHASE_STRIP = NO;
				DEBUG_INFORMATION_FORMAT = dwarf;
				ENABLE_STRICT_OBJC_MSGSEND = YES;
				ENABLE_TESTABILITY = YES;
				GCC_C_LANGUAGE_STANDARD = gnu11;
				GCC_DYNAMIC_NO_PIC = NO;
				GCC_NO_COMMON_BLOCKS = YES;
				GCC_OPTIMIZATION_LEVEL = 0;
				GCC_PREPROCESSOR_DEFINITIONS = (
					"DEBUG=1",
					"$(inherited)",
				);
				GCC_WARN_64_TO_32_BIT_CONVERSION = YES;
				GCC_WARN_ABOUT_RETURN_TYPE = YES_ERROR;
				GCC_WARN_UNDECLARED_SELECTOR = YES;
				GCC_WARN_UNINITIALIZED_AUTOS = YES_AGGRESSIVE;
				GCC_WARN_UNUSED_FUNCTION = YES;
				GCC_WARN_UNUSED_VARIABLE = YES;
				IPHONEOS_DEPLOYMENT_TARGET = 13.5;
				MTL_ENABLE_DEBUG_INFO = INCLUDE_SOURCE;
				MTL_FAST_MATH = YES;
				ONLY_ACTIVE_ARCH = YES;
				SDKROOT = iphoneos;
				SWIFT_ACTIVE_COMPILATION_CONDITIONS = DEBUG;
				SWIFT_OPTIMIZATION_LEVEL = "-Onone";
			};
			name = Debug;
		};
		EE358F352488575C007BFA56 /* Release */ = {
			isa = XCBuildConfiguration;
			buildSettings = {
				ALWAYS_SEARCH_USER_PATHS = NO;
				CLANG_ANALYZER_NONNULL = YES;
				CLANG_ANALYZER_NUMBER_OBJECT_CONVERSION = YES_AGGRESSIVE;
				CLANG_CXX_LANGUAGE_STANDARD = "gnu++14";
				CLANG_CXX_LIBRARY = "libc++";
				CLANG_ENABLE_MODULES = YES;
				CLANG_ENABLE_OBJC_ARC = YES;
				CLANG_ENABLE_OBJC_WEAK = YES;
				CLANG_WARN_BLOCK_CAPTURE_AUTORELEASING = YES;
				CLANG_WARN_BOOL_CONVERSION = YES;
				CLANG_WARN_COMMA = YES;
				CLANG_WARN_CONSTANT_CONVERSION = YES;
				CLANG_WARN_DEPRECATED_OBJC_IMPLEMENTATIONS = YES;
				CLANG_WARN_DIRECT_OBJC_ISA_USAGE = YES_ERROR;
				CLANG_WARN_DOCUMENTATION_COMMENTS = YES;
				CLANG_WARN_EMPTY_BODY = YES;
				CLANG_WARN_ENUM_CONVERSION = YES;
				CLANG_WARN_INFINITE_RECURSION = YES;
				CLANG_WARN_INT_CONVERSION = YES;
				CLANG_WARN_NON_LITERAL_NULL_CONVERSION = YES;
				CLANG_WARN_OBJC_IMPLICIT_RETAIN_SELF = YES;
				CLANG_WARN_OBJC_LITERAL_CONVERSION = YES;
				CLANG_WARN_OBJC_ROOT_CLASS = YES_ERROR;
				CLANG_WARN_RANGE_LOOP_ANALYSIS = YES;
				CLANG_WARN_STRICT_PROTOTYPES = YES;
				CLANG_WARN_SUSPICIOUS_MOVE = YES;
				CLANG_WARN_UNGUARDED_AVAILABILITY = YES_AGGRESSIVE;
				CLANG_WARN_UNREACHABLE_CODE = YES;
				CLANG_WARN__DUPLICATE_METHOD_MATCH = YES;
				COPY_PHASE_STRIP = NO;
				DEBUG_INFORMATION_FORMAT = "dwarf-with-dsym";
				ENABLE_NS_ASSERTIONS = NO;
				ENABLE_STRICT_OBJC_MSGSEND = YES;
				GCC_C_LANGUAGE_STANDARD = gnu11;
				GCC_NO_COMMON_BLOCKS = YES;
				GCC_WARN_64_TO_32_BIT_CONVERSION = YES;
				GCC_WARN_ABOUT_RETURN_TYPE = YES_ERROR;
				GCC_WARN_UNDECLARED_SELECTOR = YES;
				GCC_WARN_UNINITIALIZED_AUTOS = YES_AGGRESSIVE;
				GCC_WARN_UNUSED_FUNCTION = YES;
				GCC_WARN_UNUSED_VARIABLE = YES;
				IPHONEOS_DEPLOYMENT_TARGET = 13.5;
				MTL_ENABLE_DEBUG_INFO = NO;
				MTL_FAST_MATH = YES;
				SDKROOT = iphoneos;
				SWIFT_COMPILATION_MODE = wholemodule;
				SWIFT_OPTIMIZATION_LEVEL = "-O";
				VALIDATE_PRODUCT = YES;
			};
			name = Release;
		};
		EE358F372488575C007BFA56 /* Debug */ = {
			isa = XCBuildConfiguration;
			buildSettings = {
				ASSETCATALOG_COMPILER_APPICON_NAME = AppIcon;
				CODE_SIGN_STYLE = Automatic;
				DEVELOPMENT_TEAM = RQAE768Z9N;
				INFOPLIST_FILE = covid19statisticsApp/Info.plist;
				LD_RUNPATH_SEARCH_PATHS = (
					"$(inherited)",
					"@executable_path/Frameworks",
				);
				PRODUCT_BUNDLE_IDENTIFIER = com.dualemahat.covid19statisticsApp;
				PRODUCT_NAME = "$(TARGET_NAME)";
				SWIFT_VERSION = 5.0;
				TARGETED_DEVICE_FAMILY = "1,2";
			};
			name = Debug;
		};
		EE358F382488575C007BFA56 /* Release */ = {
			isa = XCBuildConfiguration;
			buildSettings = {
				ASSETCATALOG_COMPILER_APPICON_NAME = AppIcon;
				CODE_SIGN_STYLE = Automatic;
				DEVELOPMENT_TEAM = RQAE768Z9N;
				INFOPLIST_FILE = covid19statisticsApp/Info.plist;
				LD_RUNPATH_SEARCH_PATHS = (
					"$(inherited)",
					"@executable_path/Frameworks",
				);
				PRODUCT_BUNDLE_IDENTIFIER = com.dualemahat.covid19statisticsApp;
				PRODUCT_NAME = "$(TARGET_NAME)";
				SWIFT_VERSION = 5.0;
				TARGETED_DEVICE_FAMILY = "1,2";
			};
			name = Release;
		};
/* End XCBuildConfiguration section */

/* Begin XCConfigurationList section */
		EE358F1D24885754007BFA56 /* Build configuration list for PBXProject "covid19statisticsApp" */ = {
			isa = XCConfigurationList;
			buildConfigurations = (
				EE358F342488575C007BFA56 /* Debug */,
				EE358F352488575C007BFA56 /* Release */,
			);
			defaultConfigurationIsVisible = 0;
			defaultConfigurationName = Release;
		};
		EE358F362488575C007BFA56 /* Build configuration list for PBXNativeTarget "covid19statisticsApp" */ = {
			isa = XCConfigurationList;
			buildConfigurations = (
				EE358F372488575C007BFA56 /* Debug */,
				EE358F382488575C007BFA56 /* Release */,
			);
			defaultConfigurationIsVisible = 0;
			defaultConfigurationName = Release;
		};
/* End XCConfigurationList section */
	};
	rootObject = EE358F1A24885754007BFA56 /* Project object */;
}
